
Microsoft Visual Studio Solution File, Format Version 12.00
# Visual Studio Version 17
VisualStudioVersion = 17.2.32602.215
MinimumVisualStudioVersion = 10.0.40219.1
Project("{9A19103F-16F7-4668-BE54-9A1E7A4F7556}") = "OtoSoft.Plant.Entities", "OtoSoft.Plant.Entities\OtoSoft.Plant.Entities.csproj", "{B4095FA3-499F-433D-81D3-7197ACCF644C}"
EndProject
Project("{9A19103F-16F7-4668-BE54-9A1E7A4F7556}") = "OtoSoft.Plant.DataAccess", "OtoSoft.Plant.DataAccess\OtoSoft.Plant.DataAccess.csproj", "{AEB76C97-8C0F-43F5-96AC-65D5C940B87D}"
EndProject
Project("{9A19103F-16F7-4668-BE54-9A1E7A4F7556}") = "Core", "Core\Core.csproj", "{8A56C0D3-AD1B-40B3-81FF-00F9CD787106}"
EndProject
Project("{9A19103F-16F7-4668-BE54-9A1E7A4F7556}") = "OtoSoft.Plant.Business", "OtoSoft.Plant.Business\OtoSoft.Plant.Business.csproj", "{858D41C9-47EC-41FB-93A8-4A3F95CBE245}"
EndProject
Project("{9A19103F-16F7-4668-BE54-9A1E7A4F7556}") = "OtoSoft.Plant.WebUI", "OtoSoft.Plant.WebUI\OtoSoft.Plant.WebUI.csproj", "{63145209-D2FC-43CE-B7A2-6A090A7EE032}"
EndProject
Global
	GlobalSection(SolutionConfigurationPlatforms) = preSolution
		Debug|Any CPU = Debug|Any CPU
		Release|Any CPU = Release|Any CPU
	EndGlobalSection
	GlobalSection(ProjectConfigurationPlatforms) = postSolution
		{B4095FA3-499F-433D-81D3-7197ACCF644C}.Debug|Any CPU.ActiveCfg = Debug|Any CPU
		{B4095FA3-499F-433D-81D3-7197ACCF644C}.Debug|Any CPU.Build.0 = Debug|Any CPU
		{B4095FA3-499F-433D-81D3-7197ACCF644C}.Release|Any CPU.ActiveCfg = Release|Any CPU
		{B4095FA3-499F-433D-81D3-7197ACCF644C}.Release|Any CPU.Build.0 = Release|Any CPU
		{AEB76C97-8C0F-43F5-96AC-65D5C940B87D}.Debug|Any CPU.ActiveCfg = Debug|Any CPU
		{AEB76C97-8C0F-43F5-96AC-65D5C940B87D}.Debug|Any CPU.Build.0 = Debug|Any CPU
		{AEB76C97-8C0F-43F5-96AC-65D5C940B87D}.Release|Any CPU.ActiveCfg = Release|Any CPU
		{AEB76C97-8C0F-43F5-96AC-65D5C940B87D}.Release|Any CPU.Build.0 = Release|Any CPU
		{8A56C0D3-AD1B-40B3-81FF-00F9CD787106}.Debug|Any CPU.ActiveCfg = Debug|Any CPU
		{8A56C0D3-AD1B-40B3-81FF-00F9CD787106}.Debug|Any CPU.Build.0 = Debug|Any CPU
		{8A56C0D3-AD1B-40B3-81FF-00F9CD787106}.Release|Any CPU.ActiveCfg = Release|Any CPU
		{8A56C0D3-AD1B-40B3-81FF-00F9CD787106}.Release|Any CPU.Build.0 = Release|Any CPU
		{858D41C9-47EC-41FB-93A8-4A3F95CBE245}.Debug|Any CPU.ActiveCfg = Debug|Any CPU
		{858D41C9-47EC-41FB-93A8-4A3F95CBE245}.Debug|Any CPU.Build.0 = Debug|Any CPU
		{858D41C9-47EC-41FB-93A8-4A3F95CBE245}.Release|Any CPU.ActiveCfg = Release|Any CPU
		{858D41C9-47EC-41FB-93A8-4A3F95CBE245}.Release|Any CPU.Build.0 = Release|Any CPU
		{63145209-D2FC-43CE-B7A2-6A090A7EE032}.Debug|Any CPU.ActiveCfg = Debug|Any CPU
		{63145209-D2FC-43CE-B7A2-6A090A7EE032}.Debug|Any CPU.Build.0 = Debug|Any CPU
		{63145209-D2FC-43CE-B7A2-6A090A7EE032}.Release|Any CPU.ActiveCfg = Release|Any CPU
		{63145209-D2FC-43CE-B7A2-6A090A7EE032}.Release|Any CPU.Build.0 = Release|Any CPU
	EndGlobalSection
	GlobalSection(SolutionProperties) = preSolution
		HideSolutionNode = FALSE
	EndGlobalSection
	GlobalSection(ExtensibilityGlobals) = postSolution
		SolutionGuid = {BE6BEBAD-B17C-4385-BF54-7B7285BE96D9}
	EndGlobalSection
EndGlobal
